
Microsoft Visual Studio Solution File, Format Version 12.00
# Visual Studio Version 17
VisualStudioVersion = 17.3.32922.545
MinimumVisualStudioVersion = 10.0.40219.1
Project("{FAE04EC0-301F-11D3-BF4B-00C04F79EFBC}") = "SystemLogin", "SystemLogin\SystemLogin.csproj", "{97A317F7-A4A8-4C35-85DF-76CB0573AF0E}"
EndProject
Global
	GlobalSection(SolutionConfigurationPlatforms) = preSolution
		Debug|Any CPU = Debug|Any CPU
		Release|Any CPU = Release|Any CPU
	EndGlobalSection
	GlobalSection(ProjectConfigurationPlatforms) = postSolution
		{97A317F7-A4A8-4C35-85DF-76CB0573AF0E}.Debug|Any CPU.ActiveCfg = Debug|Any CPU
		{97A317F7-A4A8-4C35-85DF-76CB0573AF0E}.Debug|Any CPU.Build.0 = Debug|Any CPU
		{97A317F7-A4A8-4C35-85DF-76CB0573AF0E}.Release|Any CPU.ActiveCfg = Release|Any CPU
		{97A317F7-A4A8-4C35-85DF-76CB0573AF0E}.Release|Any CPU.Build.0 = Release|Any CPU
	EndGlobalSection
	GlobalSection(SolutionProperties) = preSolution
		HideSolutionNode = FALSE
	EndGlobalSection
	GlobalSection(ExtensibilityGlobals) = postSolution
		SolutionGuid = {F6098D34-3858-42A6-8B64-35483A48A3D3}
	EndGlobalSection
EndGlobal
